
Microsoft Visual Studio Solution File, Format Version 12.00
# Visual Studio Version 16
VisualStudioVersion = 16.0.29709.97
MinimumVisualStudioVersion = 10.0.40219.1
Project("{FAE04EC0-301F-11D3-BF4B-00C04F79EFBC}") = "AbstractExercise", "AbstractExercise\AbstractExercise.csproj", "{DE77B939-D5D8-4BFC-A80E-5678B63D09E3}"
EndProject
Global
	GlobalSection(SolutionConfigurationPlatforms) = preSolution
		Debug|Any CPU = Debug|Any CPU
		Release|Any CPU = Release|Any CPU
	EndGlobalSection
	GlobalSection(ProjectConfigurationPlatforms) = postSolution
		{DE77B939-D5D8-4BFC-A80E-5678B63D09E3}.Debug|Any CPU.ActiveCfg = Debug|Any CPU
		{DE77B939-D5D8-4BFC-A80E-5678B63D09E3}.Debug|Any CPU.Build.0 = Debug|Any CPU
		{DE77B939-D5D8-4BFC-A80E-5678B63D09E3}.Release|Any CPU.ActiveCfg = Release|Any CPU
		{DE77B939-D5D8-4BFC-A80E-5678B63D09E3}.Release|Any CPU.Build.0 = Release|Any CPU
	EndGlobalSection
	GlobalSection(SolutionProperties) = preSolution
		HideSolutionNode = FALSE
	EndGlobalSection
	GlobalSection(ExtensibilityGlobals) = postSolution
		SolutionGuid = {9BC05EF4-988E-432E-B231-767D64539168}
	EndGlobalSection
EndGlobal
